
Microsoft Visual Studio Solution File, Format Version 12.00
# Visual Studio Version 16
VisualStudioVersion = 16.0.32002.261
MinimumVisualStudioVersion = 10.0.40219.1
Project("{FAE04EC0-301F-11D3-BF4B-00C04F79EFBC}") = "SIMPLE-LOGIN-SIGNUP-API", "SIMPLE-LOGIN-SIGNUP-API.csproj", "{C9093758-3780-47DC-8320-031309F99ADB}"
EndProject
Global
	GlobalSection(SolutionConfigurationPlatforms) = preSolution
		Debug|Any CPU = Debug|Any CPU
		Release|Any CPU = Release|Any CPU
	EndGlobalSection
	GlobalSection(ProjectConfigurationPlatforms) = postSolution
		{C9093758-3780-47DC-8320-031309F99ADB}.Debug|Any CPU.ActiveCfg = Debug|Any CPU
		{C9093758-3780-47DC-8320-031309F99ADB}.Debug|Any CPU.Build.0 = Debug|Any CPU
		{C9093758-3780-47DC-8320-031309F99ADB}.Release|Any CPU.ActiveCfg = Release|Any CPU
		{C9093758-3780-47DC-8320-031309F99ADB}.Release|Any CPU.Build.0 = Release|Any CPU
	EndGlobalSection
	GlobalSection(SolutionProperties) = preSolution
		HideSolutionNode = FALSE
	EndGlobalSection
	GlobalSection(ExtensibilityGlobals) = postSolution
		SolutionGuid = {B0B8682B-6B63-45D0-8D24-B3930BE62334}
	EndGlobalSection
EndGlobal
